
Microsoft Visual Studio Solution File, Format Version 12.00
# Visual Studio Version 16
VisualStudioVersion = 16.0.31019.35
MinimumVisualStudioVersion = 10.0.40219.1
Project("{FAE04EC0-301F-11D3-BF4B-00C04F79EFBC}") = "ProjectManagmentSystem", "ProjectManagmentSystem\ProjectManagmentSystem.csproj", "{717B4A4B-4882-487D-A856-3F1C8C0EF062}"
EndProject
Project("{FAE04EC0-301F-11D3-BF4B-00C04F79EFBC}") = "WindowsFormsApp1", "WindowsFormsApp1\WindowsFormsApp1.csproj", "{ED60B4E4-8754-492E-B551-F957A1292F0D}"
EndProject
Global
	GlobalSection(SolutionConfigurationPlatforms) = preSolution
		Debug|Any CPU = Debug|Any CPU
		Release|Any CPU = Release|Any CPU
	EndGlobalSection
	GlobalSection(ProjectConfigurationPlatforms) = postSolution
		{717B4A4B-4882-487D-A856-3F1C8C0EF062}.Debug|Any CPU.ActiveCfg = Debug|Any CPU
		{717B4A4B-4882-487D-A856-3F1C8C0EF062}.Debug|Any CPU.Build.0 = Debug|Any CPU
		{717B4A4B-4882-487D-A856-3F1C8C0EF062}.Release|Any CPU.ActiveCfg = Release|Any CPU
		{717B4A4B-4882-487D-A856-3F1C8C0EF062}.Release|Any CPU.Build.0 = Release|Any CPU
		{ED60B4E4-8754-492E-B551-F957A1292F0D}.Debug|Any CPU.ActiveCfg = Debug|Any CPU
		{ED60B4E4-8754-492E-B551-F957A1292F0D}.Debug|Any CPU.Build.0 = Debug|Any CPU
		{ED60B4E4-8754-492E-B551-F957A1292F0D}.Release|Any CPU.ActiveCfg = Release|Any CPU
		{ED60B4E4-8754-492E-B551-F957A1292F0D}.Release|Any CPU.Build.0 = Release|Any CPU
	EndGlobalSection
	GlobalSection(SolutionProperties) = preSolution
		HideSolutionNode = FALSE
	EndGlobalSection
	GlobalSection(ExtensibilityGlobals) = postSolution
		SolutionGuid = {6A8710C8-16E7-4FFF-8037-D73E20C7C765}
	EndGlobalSection
EndGlobal
